gitlab.com/gomidi/midi v1.8.5 h1:dEX6RpSz/LA7j8x8jaw4eDMO4BC7LwvnRIclw4cD6rE=
gitlab.com/gomidi/midi v1.8.5/go.mod h1:Geyousi3Lg15GJRg0CnpxQMQIgDLapqJKq2Cbf7LJfs=
gitlab.com/gomidi/midi v1.9.0 h1:nLwy9vnnlFiaaLBznLnxLMaqz/yrCbf7ajfn60koIaQ=
gitlab.com/gomidi/midi v1.9.0/go.mod h1:Geyousi3Lg15GJRg0CnpxQMQIgDLapqJKq2Cbf7LJfs=
gitlab.com/gomidi/midi v1.10.0 h1:zh1vPE1oAPCs1vkFwGGS8iftsQzlChjMxhIQOj9ReSE=
gitlab.com/gomidi/midi v1.10.0/go.mod h1:Geyousi3Lg15GJRg0CnpxQMQIgDLapqJKq2Cbf7LJfs=
gitlab.com/gomidi/midi v1.10.1 h1:zZXcb9ckRPOZaU/8gyKtzwOz7yg88jckITEkAqimMxU=
gitlab.com/gomidi/midi v1.10.1/go.mod h1:Geyousi3Lg15GJRg0CnpxQMQIgDLapqJKq2Cbf7LJfs=
gitlab.com/gomidi/midi v1.10.2 h1:Qy+DAUy8tfTDEEcrjZx3WYjKXzKdfnUHWDtLzqojMdw=
gitlab.com/gomidi/midi v1.10.2/go.mod h1:Geyousi3Lg15GJRg0CnpxQMQIgDLapqJKq2Cbf7LJfs=
gitlab.com/gomidi/midi v1.10.3 h1:vu4DpxiVnd9oiYqk+YkiV1Pqgmy9TQ/b8IISm226Y0k=
gitlab.com/gomidi/midi v1.10.3/go.mod h1:Geyousi3Lg15GJRg0CnpxQMQIgDLapqJKq2Cbf7LJfs=
