gitlab.com/gomidi/midi v1.8.5 h1:dEX6RpSz/LA7j8x8jaw4eDMO4BC7LwvnRIclw4cD6rE=
gitlab.com/gomidi/midi v1.8.5/go.mod h1:Geyousi3Lg15GJRg0CnpxQMQIgDLapqJKq2Cbf7LJfs=
gitlab.com/gomidi/midi v1.9.0 h1:nLwy9vnnlFiaaLBznLnxLMaqz/yrCbf7ajfn60koIaQ=
gitlab.com/gomidi/midi v1.9.0/go.mod h1:Geyousi3Lg15GJRg0CnpxQMQIgDLapqJKq2Cbf7LJfs=
gitlab.com/gomidi/midi v1.10.0 h1:zh1vPE1oAPCs1vkFwGGS8iftsQzlChjMxhIQOj9ReSE=
gitlab.com/gomidi/midi v1.10.0/go.mod h1:Geyousi3Lg15GJRg0CnpxQMQIgDLapqJKq2Cbf7LJfs=
