github.com/davecgh/go-spew v1.1.1/go.mod h1:J7Y8YcW2NihsgmVo/mv3lAwl/skON4iLHjSsI+c5H38=
github.com/emersion/go-appdir v1.1.2 h1:3ceZKMz3b7MLy37ZB29shG2Y7Y3G/pcLbtnYP6BJ0eQ=
github.com/emersion/go-appdir v1.1.2/go.mod h1:N15s1uA0vhxhVomEsNau6w15OdELRpp0aH1Ux4BuSPE=
github.com/pelletier/go-toml v1.8.1 h1:1Nf83orprkJyknT6h7zbuEGUEjcyVlCxSUGTENmNCRM=
github.com/pelletier/go-toml v1.8.1/go.mod h1:T2/BmBdy8dvIRq1a/8aqjN41wvWlN4lrapLU/GW4pbc=
gitlab.com/gomidi/midi v1.13.1 h1:Tp0MtGXcP+OP/cC/hRCld66kErBUQS16UKwkpv3xQe8=
gitlab.com/gomidi/midi v1.13.1/go.mod h1:3ohtNOhqoSakkuLG/Li1OI6I3J1c2LErnJF5o/VBq1c=
gitlab.com/gomidi/midi v1.13.3 h1:KTKqNSu6y6MGiEbNOqMDiWHDv+YtI66hLSltwNJMYtM=
gitlab.com/gomidi/midi v1.13.3/go.mod h1:3ohtNOhqoSakkuLG/Li1OI6I3J1c2LErnJF5o/VBq1c=
gitlab.com/gomidi/midi v1.14.0 h1:8arZuaZsJdE8gzJwHP/pmEaCq6MEgFXRoOtHmdtHfRE=
gitlab.com/gomidi/midi v1.14.0/go.mod h1:3ohtNOhqoSakkuLG/Li1OI6I3J1c2LErnJF5o/VBq1c=
gitlab.com/gomidi/midi v1.14.1 h1:+I3MHxspu3H1o2ejAdehBLmIUBTOIdlOlmkdKvCJlME=
gitlab.com/gomidi/midi v1.14.1/go.mod h1:3ohtNOhqoSakkuLG/Li1OI6I3J1c2LErnJF5o/VBq1c=
gitlab.com/gomidi/midi v1.15.3 h1:PSgwBOnB+8cY2IeMaBL3gKfehGt4q9B3vc70ISHJvvs=
gitlab.com/gomidi/midi v1.15.3/go.mod h1:3ohtNOhqoSakkuLG/Li1OI6I3J1c2LErnJF5o/VBq1c=
gitlab.com/gomidi/midi v1.16.4 h1:Cl2HrJh+ww7ivNlxyKbhEI7q3j9nqv7y/FF+8KFwz3s=
gitlab.com/gomidi/midi v1.16.4/go.mod h1:3ohtNOhqoSakkuLG/Li1OI6I3J1c2LErnJF5o/VBq1c=
gitlab.com/gomidi/midi v1.17.0 h1:ZdoiMv4SrzJffwcAohDSk4TI++n8noqieeVCVBLmxfY=
gitlab.com/gomidi/midi v1.17.0/go.mod h1:3ohtNOhqoSakkuLG/Li1OI6I3J1c2LErnJF5o/VBq1c=
gitlab.com/gomidi/midi v1.20.2 h1:tvxjgBwLUXneTQllYnjOnUABxnHJnA5CHaPW/LwcHDw=
gitlab.com/gomidi/midi v1.20.2/go.mod h1:3ohtNOhqoSakkuLG/Li1OI6I3J1c2LErnJF5o/VBq1c=
gitlab.com/gomidi/muskel v0.9.8 h1:wattxXTVH5X3UD9dBWZ8zJ8JA5CNSaOkrdwUCJOwXyw=
gitlab.com/gomidi/muskel v0.9.8/go.mod h1:t5vxTfwfqDUJyaYVVUj+d+7AMhcck0CxOOZAE/L1fwQ=
gitlab.com/metakeule/config v1.15.7 h1:SfH1TaQhMcAmo0i19Z/3DTpu+Bmgcl9/6eodwZOiCps=
gitlab.com/metakeule/config v1.15.7/go.mod h1:cf4RRJmasbQ5/lXkTJQnqCiJ2MC9ShDS6EsBrA9ni74=
gitlab.com/metakeule/config v1.18.7 h1:S2//+xAzc+BiQUUlYFmoRNW0rrsqrhldmCkZBkpbTps=
gitlab.com/metakeule/config v1.18.7/go.mod h1:glEQ76SztqrtydnmgxvrlTtN9BBmgM0lNy7/S2eiZbw=
gitlab.com/metakeule/fmtdate v1.2.0 h1:MCtqJiTO3j8yTn28aJvgvQy63f1DsjTj702f7TGaFOk=
gitlab.com/metakeule/fmtdate v1.2.0/go.mod h1:uZUf21xepWGLp6PgJGBbHeBVWO+/gsKi3Gdh0Fu4lGg=
golang.org/x/sys v0.0.0-20201211090839-8ad439b19e0f/go.mod h1:h1NjWce9XRLGQEsW7wpKNCjG9DtNlClVuFLEZdDNbEs=
